
Microsoft Visual Studio Solution File, Format Version 12.00
# Visual Studio 2012
Project("{FAE04EC0-301F-11D3-BF4B-00C04F79EFBC}") = "Marauder'sAdventure", "DesignPatern\Marauder'sAdventure.csproj", "{2F98672D-23B6-47EE-87A9-D6CF1074FFEB}"
EndProject
Global
	GlobalSection(SolutionConfigurationPlatforms) = preSolution
		Debug|Any CPU = Debug|Any CPU
		Release|Any CPU = Release|Any CPU
	EndGlobalSection
	GlobalSection(ProjectConfigurationPlatforms) = postSolution
		{2F98672D-23B6-47EE-87A9-D6CF1074FFEB}.Debug|Any CPU.ActiveCfg = Debug|Any CPU
		{2F98672D-23B6-47EE-87A9-D6CF1074FFEB}.Debug|Any CPU.Build.0 = Debug|Any CPU
		{2F98672D-23B6-47EE-87A9-D6CF1074FFEB}.Release|Any CPU.ActiveCfg = Release|Any CPU
		{2F98672D-23B6-47EE-87A9-D6CF1074FFEB}.Release|Any CPU.Build.0 = Release|Any CPU
	EndGlobalSection
	GlobalSection(SolutionProperties) = preSolution
		HideSolutionNode = FALSE
	EndGlobalSection
EndGlobal
